
Microsoft Visual Studio Solution File, Format Version 12.00
# Visual Studio 2012
Project("{FAE04EC0-301F-11D3-BF4B-00C04F79EFBC}") = "Imamu", "Imamu\Imamu.csproj", "{C9280AEC-9D09-4FA4-ADF1-BD1C91EF9A32}"
EndProject
Project("{FAE04EC0-301F-11D3-BF4B-00C04F79EFBC}") = "Imamu.Tests", "Imamu.Tests\Imamu.Tests.csproj", "{2110E84D-E782-4D05-87AE-E7EED6158435}"
EndProject
Global
	GlobalSection(SolutionConfigurationPlatforms) = preSolution
		Debug|Any CPU = Debug|Any CPU
		Release|Any CPU = Release|Any CPU
	EndGlobalSection
	GlobalSection(ProjectConfigurationPlatforms) = postSolution
		{C9280AEC-9D09-4FA4-ADF1-BD1C91EF9A32}.Debug|Any CPU.ActiveCfg = Debug|Any CPU
		{C9280AEC-9D09-4FA4-ADF1-BD1C91EF9A32}.Debug|Any CPU.Build.0 = Debug|Any CPU
		{C9280AEC-9D09-4FA4-ADF1-BD1C91EF9A32}.Release|Any CPU.ActiveCfg = Release|Any CPU
		{C9280AEC-9D09-4FA4-ADF1-BD1C91EF9A32}.Release|Any CPU.Build.0 = Release|Any CPU
		{2110E84D-E782-4D05-87AE-E7EED6158435}.Debug|Any CPU.ActiveCfg = Debug|Any CPU
		{2110E84D-E782-4D05-87AE-E7EED6158435}.Debug|Any CPU.Build.0 = Debug|Any CPU
		{2110E84D-E782-4D05-87AE-E7EED6158435}.Release|Any CPU.ActiveCfg = Release|Any CPU
		{2110E84D-E782-4D05-87AE-E7EED6158435}.Release|Any CPU.Build.0 = Release|Any CPU
	EndGlobalSection
EndGlobal
